
Microsoft Visual Studio Solution File, Format Version 12.00
# Visual Studio Version 16
VisualStudioVersion = 16.0.30204.135
MinimumVisualStudioVersion = 10.0.40219.1
Project("{FAE04EC0-301F-11D3-BF4B-00C04F79EFBC}") = "Polymorphism", "Polymorphism\Polymorphism.csproj", "{834D5AA8-BD69-4E70-A932-F9BB11267FCE}"
EndProject
Global
	GlobalSection(SolutionConfigurationPlatforms) = preSolution
		Debug|Any CPU = Debug|Any CPU
		Release|Any CPU = Release|Any CPU
	EndGlobalSection
	GlobalSection(ProjectConfigurationPlatforms) = postSolution
		{834D5AA8-BD69-4E70-A932-F9BB11267FCE}.Debug|Any CPU.ActiveCfg = Debug|Any CPU
		{834D5AA8-BD69-4E70-A932-F9BB11267FCE}.Debug|Any CPU.Build.0 = Debug|Any CPU
		{834D5AA8-BD69-4E70-A932-F9BB11267FCE}.Release|Any CPU.ActiveCfg = Release|Any CPU
		{834D5AA8-BD69-4E70-A932-F9BB11267FCE}.Release|Any CPU.Build.0 = Release|Any CPU
	EndGlobalSection
	GlobalSection(SolutionProperties) = preSolution
		HideSolutionNode = FALSE
	EndGlobalSection
	GlobalSection(ExtensibilityGlobals) = postSolution
		SolutionGuid = {26B38269-33C7-4B64-A03C-EE4F25D6E28D}
	EndGlobalSection
EndGlobal
